
Microsoft Visual Studio Solution File, Format Version 12.00
# Visual Studio Version 17
VisualStudioVersion = 17.6.33829.357
MinimumVisualStudioVersion = 10.0.40219.1
Project("{FAE04EC0-301F-11D3-BF4B-00C04F79EFBC}") = "Switch-Case-Yapısı", "Switch-Case-Yapısı\Switch-Case-Yapısı.csproj", "{B67461EC-2B12-4D57-A25F-78F1304002B5}"
EndProject
Global
	GlobalSection(SolutionConfigurationPlatforms) = preSolution
		Debug|Any CPU = Debug|Any CPU
		Release|Any CPU = Release|Any CPU
	EndGlobalSection
	GlobalSection(ProjectConfigurationPlatforms) = postSolution
		{B67461EC-2B12-4D57-A25F-78F1304002B5}.Debug|Any CPU.ActiveCfg = Debug|Any CPU
		{B67461EC-2B12-4D57-A25F-78F1304002B5}.Debug|Any CPU.Build.0 = Debug|Any CPU
		{B67461EC-2B12-4D57-A25F-78F1304002B5}.Release|Any CPU.ActiveCfg = Release|Any CPU
		{B67461EC-2B12-4D57-A25F-78F1304002B5}.Release|Any CPU.Build.0 = Release|Any CPU
	EndGlobalSection
	GlobalSection(SolutionProperties) = preSolution
		HideSolutionNode = FALSE
	EndGlobalSection
	GlobalSection(ExtensibilityGlobals) = postSolution
		SolutionGuid = {054450E2-65F4-469E-BF79-A24898F71B47}
	EndGlobalSection
EndGlobal
